
Microsoft Visual Studio Solution File, Format Version 12.00
# Visual Studio Version 17
VisualStudioVersion = 17.5.33502.453
MinimumVisualStudioVersion = 10.0.40219.1
Project("{FAE04EC0-301F-11D3-BF4B-00C04F79EFBC}") = "RL.AppModelo", "src\RL.AppModelo\RL.AppModelo.csproj", "{0F3E42C8-E8B6-4D90-84BF-6FD9FEC0AFE7}"
EndProject
Global
	GlobalSection(SolutionConfigurationPlatforms) = preSolution
		Debug|Any CPU = Debug|Any CPU
		Release|Any CPU = Release|Any CPU
	EndGlobalSection
	GlobalSection(ProjectConfigurationPlatforms) = postSolution
		{0F3E42C8-E8B6-4D90-84BF-6FD9FEC0AFE7}.Debug|Any CPU.ActiveCfg = Debug|Any CPU
		{0F3E42C8-E8B6-4D90-84BF-6FD9FEC0AFE7}.Debug|Any CPU.Build.0 = Debug|Any CPU
		{0F3E42C8-E8B6-4D90-84BF-6FD9FEC0AFE7}.Release|Any CPU.ActiveCfg = Release|Any CPU
		{0F3E42C8-E8B6-4D90-84BF-6FD9FEC0AFE7}.Release|Any CPU.Build.0 = Release|Any CPU
	EndGlobalSection
	GlobalSection(SolutionProperties) = preSolution
		HideSolutionNode = FALSE
	EndGlobalSection
	GlobalSection(ExtensibilityGlobals) = postSolution
		SolutionGuid = {B3673E43-AD62-4AF0-931C-0C062D086D03}
	EndGlobalSection
EndGlobal
